// !$*UTF8*$!
{
	archiveVersion = 1;
	classes = {
	};
	objectVersion = 60;
	objects = {

/* Begin PBXBuildFile section */
		190F32842C1C6E0900B25EF1 /* FirebaseAnalytics in Frameworks */ = {isa = PBXBuildFile; productRef = 190F32832C1C6E0900B25EF1 /* FirebaseAnalytics */; };
		190F32862C1C6E0900B25EF1 /* FirebaseAnalyticsSwift in Frameworks */ = {isa = PBXBuildFile; productRef = 190F32852C1C6E0900B25EF1 /* FirebaseAnalyticsSwift */; };
		190F32882C1C6E0900B25EF1 /* FirebaseAuth in Frameworks */ = {isa = PBXBuildFile; productRef = 190F32872C1C6E0900B25EF1 /* FirebaseAuth */; };
		190F328A2C1C6E0900B25EF1 /* FirebaseDatabase in Frameworks */ = {isa = PBXBuildFile; productRef = 190F32892C1C6E0900B25EF1 /* FirebaseDatabase */; };
		190F328C2C1C6E0900B25EF1 /* FirebaseDatabaseSwift in Frameworks */ = {isa = PBXBuildFile; productRef = 190F328B2C1C6E0900B25EF1 /* FirebaseDatabaseSwift */; };
		190F328E2C1C6E0900B25EF1 /* FirebaseFirestore in Frameworks */ = {isa = PBXBuildFile; productRef = 190F328D2C1C6E0900B25EF1 /* FirebaseFirestore */; };
		190F32902C1C6E0900B25EF1 /* FirebaseFirestoreSwift in Frameworks */ = {isa = PBXBuildFile; productRef = 190F328F2C1C6E0900B25EF1 /* FirebaseFirestoreSwift */; };
		190F32922C1C6E0900B25EF1 /* FirebaseStorage in Frameworks */ = {isa = PBXBuildFile; productRef = 190F32912C1C6E0900B25EF1 /* FirebaseStorage */; };
		1996CCC62C19EC7B00BFEB80 /* KeychainService.swift in Sources */ = {isa = PBXBuildFile; fileRef = 1996CCC52C19EC7B00BFEB80 /* KeychainService.swift */; };
		19CA12B32C18BCAA001A2103 /* User.swift in Sources */ = {isa = PBXBuildFile; fileRef = 19CA12B22C18BCAA001A2103 /* User.swift */; };
		19CA12B52C18BD0F001A2103 /* UserViewModel.swift in Sources */ = {isa = PBXBuildFile; fileRef = 19CA12B42C18BD0F001A2103 /* UserViewModel.swift */; };
		19CA12B72C18BD26001A2103 /* SignupView.swift in Sources */ = {isa = PBXBuildFile; fileRef = 19CA12B62C18BD26001A2103 /* SignupView.swift */; };
		19CA12B92C18BD40001A2103 /* LoginView.swift in Sources */ = {isa = PBXBuildFile; fileRef = 19CA12B82C18BD40001A2103 /* LoginView.swift */; };
		576AE97B2C1BE71A0007D662 /* NotificationHandlerModel.swift in Sources */ = {isa = PBXBuildFile; fileRef = 576AE97A2C1BE71A0007D662 /* NotificationHandlerModel.swift */; };
		576AE97F2C1BFB2E0007D662 /* LocationServiceManager.swift in Sources */ = {isa = PBXBuildFile; fileRef = 576AE97E2C1BFB2E0007D662 /* LocationServiceManager.swift */; };
		577346D72C07B82700758655 /* StudyOnApp.swift in Sources */ = {isa = PBXBuildFile; fileRef = 577346D62C07B82700758655 /* StudyOnApp.swift */; };
		577346DB2C07B82800758655 /* Assets.xcassets in Resources */ = {isa = PBXBuildFile; fileRef = 577346DA2C07B82800758655 /* Assets.xcassets */; };
		577346DE2C07B82800758655 /* Preview Assets.xcassets in Resources */ = {isa = PBXBuildFile; fileRef = 577346DD2C07B82800758655 /* Preview Assets.xcassets */; };
		577346E82C07B82800758655 /* StudyOnTests.swift in Sources */ = {isa = PBXBuildFile; fileRef = 577346E72C07B82800758655 /* StudyOnTests.swift */; };
		577346F22C07B82800758655 /* StudyOnUITests.swift in Sources */ = {isa = PBXBuildFile; fileRef = 577346F12C07B82800758655 /* StudyOnUITests.swift */; };
		577346F42C07B82800758655 /* StudyOnUITestsLaunchTests.swift in Sources */ = {isa = PBXBuildFile; fileRef = 577346F32C07B82800758655 /* StudyOnUITestsLaunchTests.swift */; };
		577347012C07BA9E00758655 /* LocationManager.swift in Sources */ = {isa = PBXBuildFile; fileRef = 577347002C07BA9E00758655 /* LocationManager.swift */; };
		577347052C07BBF100758655 /* StudyLocation.swift in Sources */ = {isa = PBXBuildFile; fileRef = 577347042C07BBF100758655 /* StudyLocation.swift */; };
		577347072C07BC9700758655 /* StudyLocationRatingView.swift in Sources */ = {isa = PBXBuildFile; fileRef = 577347062C07BC9700758655 /* StudyLocationRatingView.swift */; };
		57A614892C0CFCA6009D378F /* GoogleService-Info.plist in Resources */ = {isa = PBXBuildFile; fileRef = 57A614882C0CFCA6009D378F /* GoogleService-Info.plist */; };
		57CEEC282C080F56009D0FAA /* ContentView.swift in Sources */ = {isa = PBXBuildFile; fileRef = 57CEEC272C080F56009D0FAA /* ContentView.swift */; };
		57CEEC2A2C0820E0009D0FAA /* StudyLocationView.swift in Sources */ = {isa = PBXBuildFile; fileRef = 57CEEC292C0820E0009D0FAA /* StudyLocationView.swift */; };
		57CEEC2C2C08BF84009D0FAA /* Comment.swift in Sources */ = {isa = PBXBuildFile; fileRef = 57CEEC2B2C08BF84009D0FAA /* Comment.swift */; };
		57CEEC2E2C08C837009D0FAA /* LocationDetailView.swift in Sources */ = {isa = PBXBuildFile; fileRef = 57CEEC2D2C08C837009D0FAA /* LocationDetailView.swift */; };
		57FC9BC42C20B15200830587 /* StarSwipeView.swift in Sources */ = {isa = PBXBuildFile; fileRef = 57FC9BC32C20B15200830587 /* StarSwipeView.swift */; };
		8D3EAEF72C10F305001E1F28 /* EnvFactor.swift in Sources */ = {isa = PBXBuildFile; fileRef = 8D3EAEF62C10F305001E1F28 /* EnvFactor.swift */; };
		8D3EAEF92C11FF19001E1F28 /* OpeningHours.swift in Sources */ = {isa = PBXBuildFile; fileRef = 8D3EAEF82C11FF19001E1F28 /* OpeningHours.swift */; };
		8D8708122C22B39D00FD09E2 /* CameraPositionViewModel.swift in Sources */ = {isa = PBXBuildFile; fileRef = 8D8708112C22B39D00FD09E2 /* CameraPositionViewModel.swift */; };
		8DC3ACAF2C09FAD500DA9CFC /* StudyLocationViewModel.swift in Sources */ = {isa = PBXBuildFile; fileRef = 8DC3ACAE2C09FAD500DA9CFC /* StudyLocationViewModel.swift */; };
		8DF78CE12C1B7D6400C922BD /* ListView.swift in Sources */ = {isa = PBXBuildFile; fileRef = 8DF78CE02C1B7D6400C922BD /* ListView.swift */; };
		8DF78CE32C1B7D7600C922BD /* ListButtonView.swift in Sources */ = {isa = PBXBuildFile; fileRef = 8DF78CE22C1B7D7600C922BD /* ListButtonView.swift */; };
		F20F4FDE2C0E2686002861D2 /* LocationsView.swift in Sources */ = {isa = PBXBuildFile; fileRef = F20F4FDD2C0E2685002861D2 /* LocationsView.swift */; };
		F20F4FE02C0E298D002861D2 /* CustomMarkerView.swift in Sources */ = {isa = PBXBuildFile; fileRef = F20F4FDF2C0E298C002861D2 /* CustomMarkerView.swift */; };
/* End PBXBuildFile section */

/* Begin PBXContainerItemProxy section */
		577346E42C07B82800758655 /* PBXContainerItemProxy */ = {
			isa = PBXContainerItemProxy;
			containerPortal = 577346CB2C07B82700758655 /* Project object */;
			proxyType = 1;
			remoteGlobalIDString = 577346D22C07B82700758655;
			remoteInfo = StudyOn;
		};
		577346EE2C07B82800758655 /* PBXContainerItemProxy */ = {
			isa = PBXContainerItemProxy;
			containerPortal = 577346CB2C07B82700758655 /* Project object */;
			proxyType = 1;
			remoteGlobalIDString = 577346D22C07B82700758655;
			remoteInfo = StudyOn;
		};
/* End PBXContainerItemProxy section */

/* Begin PBXFileReference section */
		1996CCC52C19EC7B00BFEB80 /* KeychainService.swift */ = {isa = PBXFileReference; lastKnownFileType = sourcecode.swift; path = KeychainService.swift; sourceTree = "<group>"; };
		19CA12B22C18BCAA001A2103 /* User.swift */ = {isa = PBXFileReference; lastKnownFileType = sourcecode.swift; path = User.swift; sourceTree = "<group>"; };
		19CA12B42C18BD0F001A2103 /* UserViewModel.swift */ = {isa = PBXFileReference; lastKnownFileType = sourcecode.swift; path = UserViewModel.swift; sourceTree = "<group>"; };
		19CA12B62C18BD26001A2103 /* SignupView.swift */ = {isa = PBXFileReference; lastKnownFileType = sourcecode.swift; path = SignupView.swift; sourceTree = "<group>"; };
		19CA12B82C18BD40001A2103 /* LoginView.swift */ = {isa = PBXFileReference; lastKnownFileType = sourcecode.swift; path = LoginView.swift; sourceTree = "<group>"; };
		576AE9782C1BB6AD0007D662 /* StudyOn.entitlements */ = {isa = PBXFileReference; lastKnownFileType = text.plist.entitlements; path = StudyOn.entitlements; sourceTree = "<group>"; };
		576AE9792C1BB6BE0007D662 /* Info.plist */ = {isa = PBXFileReference; lastKnownFileType = text.plist; path = Info.plist; sourceTree = "<group>"; };
		576AE97A2C1BE71A0007D662 /* NotificationHandlerModel.swift */ = {isa = PBXFileReference; lastKnownFileType = sourcecode.swift; path = NotificationHandlerModel.swift; sourceTree = "<group>"; };
		576AE97E2C1BFB2E0007D662 /* LocationServiceManager.swift */ = {isa = PBXFileReference; lastKnownFileType = sourcecode.swift; path = LocationServiceManager.swift; sourceTree = "<group>"; };
		577346D32C07B82700758655 /* StudyOn.app */ = {isa = PBXFileReference; explicitFileType = wrapper.application; includeInIndex = 0; path = StudyOn.app; sourceTree = BUILT_PRODUCTS_DIR; };
		577346D62C07B82700758655 /* StudyOnApp.swift */ = {isa = PBXFileReference; lastKnownFileType = sourcecode.swift; path = StudyOnApp.swift; sourceTree = "<group>"; };
		577346DA2C07B82800758655 /* Assets.xcassets */ = {isa = PBXFileReference; lastKnownFileType = folder.assetcatalog; path = Assets.xcassets; sourceTree = "<group>"; };
		577346DD2C07B82800758655 /* Preview Assets.xcassets */ = {isa = PBXFileReference; lastKnownFileType = folder.assetcatalog; path = "Preview Assets.xcassets"; sourceTree = "<group>"; };
		577346E32C07B82800758655 /* StudyOnTests.xctest */ = {isa = PBXFileReference; explicitFileType = wrapper.cfbundle; includeInIndex = 0; path = StudyOnTests.xctest; sourceTree = BUILT_PRODUCTS_DIR; };
		577346E72C07B82800758655 /* StudyOnTests.swift */ = {isa = PBXFileReference; lastKnownFileType = sourcecode.swift; path = StudyOnTests.swift; sourceTree = "<group>"; };
		577346ED2C07B82800758655 /* StudyOnUITests.xctest */ = {isa = PBXFileReference; explicitFileType = wrapper.cfbundle; includeInIndex = 0; path = StudyOnUITests.xctest; sourceTree = BUILT_PRODUCTS_DIR; };
		577346F12C07B82800758655 /* StudyOnUITests.swift */ = {isa = PBXFileReference; lastKnownFileType = sourcecode.swift; path = StudyOnUITests.swift; sourceTree = "<group>"; };
		577346F32C07B82800758655 /* StudyOnUITestsLaunchTests.swift */ = {isa = PBXFileReference; lastKnownFileType = sourcecode.swift; path = StudyOnUITestsLaunchTests.swift; sourceTree = "<group>"; };
		577347002C07BA9E00758655 /* LocationManager.swift */ = {isa = PBXFileReference; lastKnownFileType = sourcecode.swift; path = LocationManager.swift; sourceTree = "<group>"; };
		577347042C07BBF100758655 /* StudyLocation.swift */ = {isa = PBXFileReference; lastKnownFileType = sourcecode.swift; path = StudyLocation.swift; sourceTree = "<group>"; };
		577347062C07BC9700758655 /* StudyLocationRatingView.swift */ = {isa = PBXFileReference; lastKnownFileType = sourcecode.swift; path = StudyLocationRatingView.swift; sourceTree = "<group>"; };
		57A614882C0CFCA6009D378F /* GoogleService-Info.plist */ = {isa = PBXFileReference; fileEncoding = 4; lastKnownFileType = text.plist.xml; path = "GoogleService-Info.plist"; sourceTree = "<group>"; };
		57CEEC272C080F56009D0FAA /* ContentView.swift */ = {isa = PBXFileReference; fileEncoding = 4; lastKnownFileType = sourcecode.swift; path = ContentView.swift; sourceTree = "<group>"; };
		57CEEC292C0820E0009D0FAA /* StudyLocationView.swift */ = {isa = PBXFileReference; lastKnownFileType = sourcecode.swift; path = StudyLocationView.swift; sourceTree = "<group>"; };
		57CEEC2B2C08BF84009D0FAA /* Comment.swift */ = {isa = PBXFileReference; lastKnownFileType = sourcecode.swift; path = Comment.swift; sourceTree = "<group>"; };
		57CEEC2D2C08C837009D0FAA /* LocationDetailView.swift */ = {isa = PBXFileReference; lastKnownFileType = sourcecode.swift; path = LocationDetailView.swift; sourceTree = "<group>"; };
		57FC9BC32C20B15200830587 /* StarSwipeView.swift */ = {isa = PBXFileReference; lastKnownFileType = sourcecode.swift; path = StarSwipeView.swift; sourceTree = "<group>"; };
		8D3EAEF62C10F305001E1F28 /* EnvFactor.swift */ = {isa = PBXFileReference; lastKnownFileType = sourcecode.swift; path = EnvFactor.swift; sourceTree = "<group>"; };
		8D3EAEF82C11FF19001E1F28 /* OpeningHours.swift */ = {isa = PBXFileReference; lastKnownFileType = sourcecode.swift; path = OpeningHours.swift; sourceTree = "<group>"; };
		8D8708112C22B39D00FD09E2 /* CameraPositionViewModel.swift */ = {isa = PBXFileReference; lastKnownFileType = sourcecode.swift; path = CameraPositionViewModel.swift; sourceTree = "<group>"; };
		8DC3ACAE2C09FAD500DA9CFC /* StudyLocationViewModel.swift */ = {isa = PBXFileReference; fileEncoding = 4; lastKnownFileType = sourcecode.swift; path = StudyLocationViewModel.swift; sourceTree = "<group>"; };
		8DF78CE02C1B7D6400C922BD /* ListView.swift */ = {isa = PBXFileReference; lastKnownFileType = sourcecode.swift; path = ListView.swift; sourceTree = "<group>"; };
		8DF78CE22C1B7D7600C922BD /* ListButtonView.swift */ = {isa = PBXFileReference; lastKnownFileType = sourcecode.swift; path = ListButtonView.swift; sourceTree = "<group>"; };
		F20F4FDD2C0E2685002861D2 /* LocationsView.swift */ = {isa = PBXFileReference; lastKnownFileType = sourcecode.swift; path = LocationsView.swift; sourceTree = "<group>"; };
		F20F4FDF2C0E298C002861D2 /* CustomMarkerView.swift */ = {isa = PBXFileReference; lastKnownFileType = sourcecode.swift; path = CustomMarkerView.swift; sourceTree = "<group>"; };
/* End PBXFileReference section */

/* Begin PBXFrameworksBuildPhase section */
		577346D02C07B82700758655 /* Frameworks */ = {
			isa = PBXFrameworksBuildPhase;
			buildActionMask = 2147483647;
			files = (
				190F328C2C1C6E0900B25EF1 /* FirebaseDatabaseSwift in Frameworks */,
				190F32862C1C6E0900B25EF1 /* FirebaseAnalyticsSwift in Frameworks */,
				190F32882C1C6E0900B25EF1 /* FirebaseAuth in Frameworks */,
				190F32902C1C6E0900B25EF1 /* FirebaseFirestoreSwift in Frameworks */,
				190F328A2C1C6E0900B25EF1 /* FirebaseDatabase in Frameworks */,
				190F32922C1C6E0900B25EF1 /* FirebaseStorage in Frameworks */,
				190F32842C1C6E0900B25EF1 /* FirebaseAnalytics in Frameworks */,
				190F328E2C1C6E0900B25EF1 /* FirebaseFirestore in Frameworks */,
			);
			runOnlyForDeploymentPostprocessing = 0;
		};
		577346E02C07B82800758655 /* Frameworks */ = {
			isa = PBXFrameworksBuildPhase;
			buildActionMask = 2147483647;
			files = (
			);
			runOnlyForDeploymentPostprocessing = 0;
		};
		577346EA2C07B82800758655 /* Frameworks */ = {
			isa = PBXFrameworksBuildPhase;
			buildActionMask = 2147483647;
			files = (
			);
			runOnlyForDeploymentPostprocessing = 0;
		};
/* End PBXFrameworksBuildPhase section */

/* Begin PBXGroup section */
		19CA12BA2C18BE0A001A2103 /* Frameworks */ = {
			isa = PBXGroup;
			children = (
			);
			name = Frameworks;
			sourceTree = "<group>";
		};
		577346CA2C07B82700758655 = {
			isa = PBXGroup;
			children = (
				577346D52C07B82700758655 /* StudyOn */,
				577346E62C07B82800758655 /* StudyOnTests */,
				577346F02C07B82800758655 /* StudyOnUITests */,
				577346D42C07B82700758655 /* Products */,
				19CA12BA2C18BE0A001A2103 /* Frameworks */,
			);
			sourceTree = "<group>";
		};
		577346D42C07B82700758655 /* Products */ = {
			isa = PBXGroup;
			children = (
				577346D32C07B82700758655 /* StudyOn.app */,
				577346E32C07B82800758655 /* StudyOnTests.xctest */,
				577346ED2C07B82800758655 /* StudyOnUITests.xctest */,
			);
			name = Products;
			sourceTree = "<group>";
		};
		577346D52C07B82700758655 /* StudyOn */ = {
			isa = PBXGroup;
			children = (
				576AE9792C1BB6BE0007D662 /* Info.plist */,
				576AE9782C1BB6AD0007D662 /* StudyOn.entitlements */,
				577346D62C07B82700758655 /* StudyOnApp.swift */,
				57CEEC272C080F56009D0FAA /* ContentView.swift */,
				F20F4FD62C0E1C85002861D2 /* Models */,
				F20F4FD52C0E1C3E002861D2 /* ViewModels */,
				F20F4FD42C0E1BA4002861D2 /* Views */,
				577346DA2C07B82800758655 /* Assets.xcassets */,
				577346DC2C07B82800758655 /* Preview Content */,
				577347002C07BA9E00758655 /* LocationManager.swift */,
				57A614882C0CFCA6009D378F /* GoogleService-Info.plist */,
			);
			path = StudyOn;
			sourceTree = "<group>";
		};
		577346DC2C07B82800758655 /* Preview Content */ = {
			isa = PBXGroup;
			children = (
				577346DD2C07B82800758655 /* Preview Assets.xcassets */,
			);
			path = "Preview Content";
			sourceTree = "<group>";
		};
		577346E62C07B82800758655 /* StudyOnTests */ = {
			isa = PBXGroup;
			children = (
				577346E72C07B82800758655 /* StudyOnTests.swift */,
			);
			path = StudyOnTests;
			sourceTree = "<group>";
		};
		577346F02C07B82800758655 /* StudyOnUITests */ = {
			isa = PBXGroup;
			children = (
				577346F12C07B82800758655 /* StudyOnUITests.swift */,
				577346F32C07B82800758655 /* StudyOnUITestsLaunchTests.swift */,
			);
			path = StudyOnUITests;
			sourceTree = "<group>";
		};
		F20F4FD42C0E1BA4002861D2 /* Views */ = {
			isa = PBXGroup;
			children = (
				57CEEC2D2C08C837009D0FAA /* LocationDetailView.swift */,
				57CEEC292C0820E0009D0FAA /* StudyLocationView.swift */,
				577347062C07BC9700758655 /* StudyLocationRatingView.swift */,
				F20F4FDD2C0E2685002861D2 /* LocationsView.swift */,
				F20F4FDF2C0E298C002861D2 /* CustomMarkerView.swift */,
				19CA12B62C18BD26001A2103 /* SignupView.swift */,
				19CA12B82C18BD40001A2103 /* LoginView.swift */,
				8DF78CE02C1B7D6400C922BD /* ListView.swift */,
				8DF78CE22C1B7D7600C922BD /* ListButtonView.swift */,
				57FC9BC32C20B15200830587 /* StarSwipeView.swift */,
			);
			path = Views;
			sourceTree = "<group>";
		};
		F20F4FD52C0E1C3E002861D2 /* ViewModels */ = {
			isa = PBXGroup;
			children = (
				8DC3ACAE2C09FAD500DA9CFC /* StudyLocationViewModel.swift */,
				19CA12B42C18BD0F001A2103 /* UserViewModel.swift */,
				576AE97A2C1BE71A0007D662 /* NotificationHandlerModel.swift */,
				8D8708112C22B39D00FD09E2 /* CameraPositionViewModel.swift */,
			);
			path = ViewModels;
			sourceTree = "<group>";
		};
		F20F4FD62C0E1C85002861D2 /* Models */ = {
			isa = PBXGroup;
			children = (
				577347042C07BBF100758655 /* StudyLocation.swift */,
				57CEEC2B2C08BF84009D0FAA /* Comment.swift */,
				8D3EAEF62C10F305001E1F28 /* EnvFactor.swift */,
				8D3EAEF82C11FF19001E1F28 /* OpeningHours.swift */,
				19CA12B22C18BCAA001A2103 /* User.swift */,
				1996CCC52C19EC7B00BFEB80 /* KeychainService.swift */,
				576AE97E2C1BFB2E0007D662 /* LocationServiceManager.swift */,
			);
			path = Models;
			sourceTree = "<group>";
		};
/* End PBXGroup section */

/* Begin PBXNativeTarget section */
		577346D22C07B82700758655 /* StudyOn */ = {
			isa = PBXNativeTarget;
			buildConfigurationList = 577346F72C07B82800758655 /* Build configuration list for PBXNativeTarget "StudyOn" */;
			buildPhases = (
				577346CF2C07B82700758655 /* Sources */,
				577346D02C07B82700758655 /* Frameworks */,
				577346D12C07B82700758655 /* Resources */,
			);
			buildRules = (
			);
			dependencies = (
			);
			name = StudyOn;
			packageProductDependencies = (
				190F32832C1C6E0900B25EF1 /* FirebaseAnalytics */,
				190F32852C1C6E0900B25EF1 /* FirebaseAnalyticsSwift */,
				190F32872C1C6E0900B25EF1 /* FirebaseAuth */,
				190F32892C1C6E0900B25EF1 /* FirebaseDatabase */,
				190F328B2C1C6E0900B25EF1 /* FirebaseDatabaseSwift */,
				190F328D2C1C6E0900B25EF1 /* FirebaseFirestore */,
				190F328F2C1C6E0900B25EF1 /* FirebaseFirestoreSwift */,
				190F32912C1C6E0900B25EF1 /* FirebaseStorage */,
			);
			productName = StudyOn;
			productReference = 577346D32C07B82700758655 /* StudyOn.app */;
			productType = "com.apple.product-type.application";
		};
		577346E22C07B82800758655 /* StudyOnTests */ = {
			isa = PBXNativeTarget;
			buildConfigurationList = 577346FA2C07B82800758655 /* Build configuration list for PBXNativeTarget "StudyOnTests" */;
			buildPhases = (
				577346DF2C07B82800758655 /* Sources */,
				577346E02C07B82800758655 /* Frameworks */,
				577346E12C07B82800758655 /* Resources */,
			);
			buildRules = (
			);
			dependencies = (
				577346E52C07B82800758655 /* PBXTargetDependency */,
			);
			name = StudyOnTests;
			productName = StudyOnTests;
			productReference = 577346E32C07B82800758655 /* StudyOnTests.xctest */;
			productType = "com.apple.product-type.bundle.unit-test";
		};
		577346EC2C07B82800758655 /* StudyOnUITests */ = {
			isa = PBXNativeTarget;
			buildConfigurationList = 577346FD2C07B82800758655 /* Build configuration list for PBXNativeTarget "StudyOnUITests" */;
			buildPhases = (
				577346E92C07B82800758655 /* Sources */,
				577346EA2C07B82800758655 /* Frameworks */,
				577346EB2C07B82800758655 /* Resources */,
			);
			buildRules = (
			);
			dependencies = (
				577346EF2C07B82800758655 /* PBXTargetDependency */,
			);
			name = StudyOnUITests;
			productName = StudyOnUITests;
			productReference = 577346ED2C07B82800758655 /* StudyOnUITests.xctest */;
			productType = "com.apple.product-type.bundle.ui-testing";
		};
/* End PBXNativeTarget section */

/* Begin PBXProject section */
		577346CB2C07B82700758655 /* Project object */ = {
			isa = PBXProject;
			attributes = {
				BuildIndependentTargetsInParallel = 1;
				LastSwiftUpdateCheck = 1540;
				LastUpgradeCheck = 1540;
				TargetAttributes = {
					577346D22C07B82700758655 = {
						CreatedOnToolsVersion = 15.4;
					};
					577346E22C07B82800758655 = {
						CreatedOnToolsVersion = 15.4;
						TestTargetID = 577346D22C07B82700758655;
					};
					577346EC2C07B82800758655 = {
						CreatedOnToolsVersion = 15.4;
						TestTargetID = 577346D22C07B82700758655;
					};
				};
			};
			buildConfigurationList = 577346CE2C07B82700758655 /* Build configuration list for PBXProject "StudyOn" */;
			compatibilityVersion = "Xcode 15.0";
			developmentRegion = en;
			hasScannedForEncodings = 0;
			knownRegions = (
				en,
				Base,
			);
			mainGroup = 577346CA2C07B82700758655;
			packageReferences = (
				574784262C0A0112009F9719 /* XCRemoteSwiftPackageReference "firebase-ios-sdk" */,
			);
			productRefGroup = 577346D42C07B82700758655 /* Products */;
			projectDirPath = "";
			projectRoot = "";
			targets = (
				577346D22C07B82700758655 /* StudyOn */,
				577346E22C07B82800758655 /* StudyOnTests */,
				577346EC2C07B82800758655 /* StudyOnUITests */,
			);
		};
/* End PBXProject section */

/* Begin PBXResourcesBuildPhase section */
		577346D12C07B82700758655 /* Resources */ = {
			isa = PBXResourcesBuildPhase;
			buildActionMask = 2147483647;
			files = (
				577346DE2C07B82800758655 /* Preview Assets.xcassets in Resources */,
				577346DB2C07B82800758655 /* Assets.xcassets in Resources */,
				57A614892C0CFCA6009D378F /* GoogleService-Info.plist in Resources */,
			);
			runOnlyForDeploymentPostprocessing = 0;
		};
		577346E12C07B82800758655 /* Resources */ = {
			isa = PBXResourcesBuildPhase;
			buildActionMask = 2147483647;
			files = (
			);
			runOnlyForDeploymentPostprocessing = 0;
		};
		577346EB2C07B82800758655 /* Resources */ = {
			isa = PBXResourcesBuildPhase;
			buildActionMask = 2147483647;
			files = (
			);
			runOnlyForDeploymentPostprocessing = 0;
		};
/* End PBXResourcesBuildPhase section */

/* Begin PBXSourcesBuildPhase section */
		577346CF2C07B82700758655 /* Sources */ = {
			isa = PBXSourcesBuildPhase;
			buildActionMask = 2147483647;
			files = (
				577347052C07BBF100758655 /* StudyLocation.swift in Sources */,
				8DF78CE12C1B7D6400C922BD /* ListView.swift in Sources */,
				8D8708122C22B39D00FD09E2 /* CameraPositionViewModel.swift in Sources */,
				F20F4FDE2C0E2686002861D2 /* LocationsView.swift in Sources */,
				576AE97B2C1BE71A0007D662 /* NotificationHandlerModel.swift in Sources */,
				8D3EAEF92C11FF19001E1F28 /* OpeningHours.swift in Sources */,
				57CEEC282C080F56009D0FAA /* ContentView.swift in Sources */,
				F20F4FE02C0E298D002861D2 /* CustomMarkerView.swift in Sources */,
				1996CCC62C19EC7B00BFEB80 /* KeychainService.swift in Sources */,
				576AE97F2C1BFB2E0007D662 /* LocationServiceManager.swift in Sources */,
				57CEEC2E2C08C837009D0FAA /* LocationDetailView.swift in Sources */,
				19CA12B32C18BCAA001A2103 /* User.swift in Sources */,
				57FC9BC42C20B15200830587 /* StarSwipeView.swift in Sources */,
				8DC3ACAF2C09FAD500DA9CFC /* StudyLocationViewModel.swift in Sources */,
				577347072C07BC9700758655 /* StudyLocationRatingView.swift in Sources */,
				57CEEC2C2C08BF84009D0FAA /* Comment.swift in Sources */,
				19CA12B92C18BD40001A2103 /* LoginView.swift in Sources */,
				57CEEC2A2C0820E0009D0FAA /* StudyLocationView.swift in Sources */,
				8DF78CE32C1B7D7600C922BD /* ListButtonView.swift in Sources */,
				577346D72C07B82700758655 /* StudyOnApp.swift in Sources */,
				19CA12B72C18BD26001A2103 /* SignupView.swift in Sources */,
				8D3EAEF72C10F305001E1F28 /* EnvFactor.swift in Sources */,
				19CA12B52C18BD0F001A2103 /* UserViewModel.swift in Sources */,
				577347012C07BA9E00758655 /* LocationManager.swift in Sources */,
			);
			runOnlyForDeploymentPostprocessing = 0;
		};
		577346DF2C07B82800758655 /* Sources */ = {
			isa = PBXSourcesBuildPhase;
			buildActionMask = 2147483647;
			files = (
				577346E82C07B82800758655 /* StudyOnTests.swift in Sources */,
			);
			runOnlyForDeploymentPostprocessing = 0;
		};
		577346E92C07B82800758655 /* Sources */ = {
			isa = PBXSourcesBuildPhase;
			buildActionMask = 2147483647;
			files = (
				577346F22C07B82800758655 /* StudyOnUITests.swift in Sources */,
				577346F42C07B82800758655 /* StudyOnUITestsLaunchTests.swift in Sources */,
			);
			runOnlyForDeploymentPostprocessing = 0;
		};
/* End PBXSourcesBuildPhase section */

/* Begin PBXTargetDependency section */
		577346E52C07B82800758655 /* PBXTargetDependency */ = {
			isa = PBXTargetDependency;
			target = 577346D22C07B82700758655 /* StudyOn */;
			targetProxy = 577346E42C07B82800758655 /* PBXContainerItemProxy */;
		};
		577346EF2C07B82800758655 /* PBXTargetDependency */ = {
			isa = PBXTargetDependency;
			target = 577346D22C07B82700758655 /* StudyOn */;
			targetProxy = 577346EE2C07B82800758655 /* PBXContainerItemProxy */;
		};
/* End PBXTargetDependency section */

/* Begin XCBuildConfiguration section */
		577346F52C07B82800758655 /* Debug */ = {
			isa = XCBuildConfiguration;
			buildSettings = {
				ALWAYS_SEARCH_USER_PATHS = NO;
				ASSETCATALOG_COMPILER_GENERATE_SWIFT_ASSET_SYMBOL_EXTENSIONS = YES;
				CLANG_ANALYZER_NONNULL = YES;
				CLANG_ANALYZER_NUMBER_OBJECT_CONVERSION = YES_AGGRESSIVE;
				CLANG_CXX_LANGUAGE_STANDARD = "gnu++20";
				CLANG_ENABLE_MODULES = YES;
				CLANG_ENABLE_OBJC_ARC = YES;
				CLANG_ENABLE_OBJC_WEAK = YES;
				CLANG_WARN_BLOCK_CAPTURE_AUTORELEASING = YES;
				CLANG_WARN_BOOL_CONVERSION = YES;
				CLANG_WARN_COMMA = YES;
				CLANG_WARN_CONSTANT_CONVERSION = YES;
				CLANG_WARN_DEPRECATED_OBJC_IMPLEMENTATIONS = YES;
				CLANG_WARN_DIRECT_OBJC_ISA_USAGE = YES_ERROR;
				CLANG_WARN_DOCUMENTATION_COMMENTS = YES;
				CLANG_WARN_EMPTY_BODY = YES;
				CLANG_WARN_ENUM_CONVERSION = YES;
				CLANG_WARN_INFINITE_RECURSION = YES;
				CLANG_WARN_INT_CONVERSION = YES;
				CLANG_WARN_NON_LITERAL_NULL_CONVERSION = YES;
				CLANG_WARN_OBJC_IMPLICIT_RETAIN_SELF = YES;
				CLANG_WARN_OBJC_LITERAL_CONVERSION = YES;
				CLANG_WARN_OBJC_ROOT_CLASS = YES_ERROR;
				CLANG_WARN_QUOTED_INCLUDE_IN_FRAMEWORK_HEADER = YES;
				CLANG_WARN_RANGE_LOOP_ANALYSIS = YES;
				CLANG_WARN_STRICT_PROTOTYPES = YES;
				CLANG_WARN_SUSPICIOUS_MOVE = YES;
				CLANG_WARN_UNGUARDED_AVAILABILITY = YES_AGGRESSIVE;
				CLANG_WARN_UNREACHABLE_CODE = YES;
				CLANG_WARN__DUPLICATE_METHOD_MATCH = YES;
				COPY_PHASE_STRIP = NO;
				DEBUG_INFORMATION_FORMAT = dwarf;
				ENABLE_STRICT_OBJC_MSGSEND = YES;
				ENABLE_TESTABILITY = YES;
				ENABLE_USER_SCRIPT_SANDBOXING = YES;
				GCC_C_LANGUAGE_STANDARD = gnu17;
				GCC_DYNAMIC_NO_PIC = NO;
				GCC_NO_COMMON_BLOCKS = YES;
				GCC_OPTIMIZATION_LEVEL = 0;
				GCC_PREPROCESSOR_DEFINITIONS = (
					"DEBUG=1",
					"$(inherited)",
				);
				GCC_WARN_64_TO_32_BIT_CONVERSION = YES;
				GCC_WARN_ABOUT_RETURN_TYPE = YES_ERROR;
				GCC_WARN_UNDECLARED_SELECTOR = YES;
				GCC_WARN_UNINITIALIZED_AUTOS = YES_AGGRESSIVE;
				GCC_WARN_UNUSED_FUNCTION = YES;
				GCC_WARN_UNUSED_VARIABLE = YES;
				IPHONEOS_DEPLOYMENT_TARGET = 17.5;
				LOCALIZATION_PREFERS_STRING_CATALOGS = YES;
				MTL_ENABLE_DEBUG_INFO = INCLUDE_SOURCE;
				MTL_FAST_MATH = YES;
				ONLY_ACTIVE_ARCH = YES;
				SDKROOT = iphoneos;
				SWIFT_ACTIVE_COMPILATION_CONDITIONS = "DEBUG $(inherited)";
				SWIFT_OPTIMIZATION_LEVEL = "-Onone";
			};
			name = Debug;
		};
		577346F62C07B82800758655 /* Release */ = {
			isa = XCBuildConfiguration;
			buildSettings = {
				ALWAYS_SEARCH_USER_PATHS = NO;
				ASSETCATALOG_COMPILER_GENERATE_SWIFT_ASSET_SYMBOL_EXTENSIONS = YES;
				CLANG_ANALYZER_NONNULL = YES;
				CLANG_ANALYZER_NUMBER_OBJECT_CONVERSION = YES_AGGRESSIVE;
				CLANG_CXX_LANGUAGE_STANDARD = "gnu++20";
				CLANG_ENABLE_MODULES = YES;
				CLANG_ENABLE_OBJC_ARC = YES;
				CLANG_ENABLE_OBJC_WEAK = YES;
				CLANG_WARN_BLOCK_CAPTURE_AUTORELEASING = YES;
				CLANG_WARN_BOOL_CONVERSION = YES;
				CLANG_WARN_COMMA = YES;
				CLANG_WARN_CONSTANT_CONVERSION = YES;
				CLANG_WARN_DEPRECATED_OBJC_IMPLEMENTATIONS = YES;
				CLANG_WARN_DIRECT_OBJC_ISA_USAGE = YES_ERROR;
				CLANG_WARN_DOCUMENTATION_COMMENTS = YES;
				CLANG_WARN_EMPTY_BODY = YES;
				CLANG_WARN_ENUM_CONVERSION = YES;
				CLANG_WARN_INFINITE_RECURSION = YES;
				CLANG_WARN_INT_CONVERSION = YES;
				CLANG_WARN_NON_LITERAL_NULL_CONVERSION = YES;
				CLANG_WARN_OBJC_IMPLICIT_RETAIN_SELF = YES;
				CLANG_WARN_OBJC_LITERAL_CONVERSION = YES;
				CLANG_WARN_OBJC_ROOT_CLASS = YES_ERROR;
				CLANG_WARN_QUOTED_INCLUDE_IN_FRAMEWORK_HEADER = YES;
				CLANG_WARN_RANGE_LOOP_ANALYSIS = YES;
				CLANG_WARN_STRICT_PROTOTYPES = YES;
				CLANG_WARN_SUSPICIOUS_MOVE = YES;
				CLANG_WARN_UNGUARDED_AVAILABILITY = YES_AGGRESSIVE;
				CLANG_WARN_UNREACHABLE_CODE = YES;
				CLANG_WARN__DUPLICATE_METHOD_MATCH = YES;
				COPY_PHASE_STRIP = NO;
				DEBUG_INFORMATION_FORMAT = "dwarf-with-dsym";
				ENABLE_NS_ASSERTIONS = NO;
				ENABLE_STRICT_OBJC_MSGSEND = YES;
				ENABLE_USER_SCRIPT_SANDBOXING = YES;
				GCC_C_LANGUAGE_STANDARD = gnu17;
				GCC_NO_COMMON_BLOCKS = YES;
				GCC_WARN_64_TO_32_BIT_CONVERSION = YES;
				GCC_WARN_ABOUT_RETURN_TYPE = YES_ERROR;
				GCC_WARN_UNDECLARED_SELECTOR = YES;
				GCC_WARN_UNINITIALIZED_AUTOS = YES_AGGRESSIVE;
				GCC_WARN_UNUSED_FUNCTION = YES;
				GCC_WARN_UNUSED_VARIABLE = YES;
				IPHONEOS_DEPLOYMENT_TARGET = 17.5;
				LOCALIZATION_PREFERS_STRING_CATALOGS = YES;
				MTL_ENABLE_DEBUG_INFO = NO;
				MTL_FAST_MATH = YES;
				SDKROOT = iphoneos;
				SWIFT_COMPILATION_MODE = wholemodule;
				VALIDATE_PRODUCT = YES;
			};
			name = Release;
		};
		577346F82C07B82800758655 /* Debug */ = {
			isa = XCBuildConfiguration;
			buildSettings = {
				ASSETCATALOG_COMPILER_APPICON_NAME = AppIcon;
				ASSETCATALOG_COMPILER_GLOBAL_ACCENT_COLOR_NAME = AccentColor;
				CODE_SIGN_ENTITLEMENTS = StudyOn/StudyOn.entitlements;
				CODE_SIGN_IDENTITY = "Apple Development";
				CODE_SIGN_STYLE = Automatic;
				CURRENT_PROJECT_VERSION = 1;
				DEVELOPMENT_ASSET_PATHS = "\"StudyOn/Preview Content\"";
				DEVELOPMENT_TEAM = G688BGQ337;
				ENABLE_PREVIEWS = YES;
				GENERATE_INFOPLIST_FILE = YES;
				INFOPLIST_FILE = StudyOn/Info.plist;
				INFOPLIST_KEY_CFBundleDisplayName = "";
				INFOPLIST_KEY_LSApplicationCategoryType = "";
				INFOPLIST_KEY_NSLocationAlwaysAndWhenInUseUsageDescription = "This app requires your location to notify you";
				INFOPLIST_KEY_NSLocationAlwaysUsageDescription = "This app needs your location to notify you with study locations.";
				INFOPLIST_KEY_NSLocationWhenInUseUsageDescription = "This app needs your location to identify where you are at.";
				INFOPLIST_KEY_UIApplicationSceneManifest_Generation = YES;
				INFOPLIST_KEY_UIApplicationSupportsIndirectInputEvents = YES;
				INFOPLIST_KEY_UILaunchScreen_Generation = YES;
				INFOPLIST_KEY_UISupportedInterfaceOrientations_iPad = "UIInterfaceOrientationPortrait UIInterfaceOrientationPortraitUpsideDown UIInterfaceOrientationLandscapeLeft UIInterfaceOrientationLandscapeRight";
				INFOPLIST_KEY_UISupportedInterfaceOrientations_iPhone = "UIInterfaceOrientationPortrait UIInterfaceOrientationLandscapeLeft UIInterfaceOrientationLandscapeRight";
				IPHONEOS_DEPLOYMENT_TARGET = 17.0;
				LD_RUNPATH_SEARCH_PATHS = (
					"$(inherited)",
					"@executable_path/Frameworks",
				);
				MARKETING_VERSION = 1.0;
				PRODUCT_BUNDLE_IDENTIFIER = com.gfive.StudyOn;
				PRODUCT_NAME = "$(TARGET_NAME)";
				PROVISIONING_PROFILE_SPECIFIER = "";
				SWIFT_EMIT_LOC_STRINGS = YES;
				SWIFT_VERSION = 5.0;
				TARGETED_DEVICE_FAMILY = "1,2";
			};
			name = Debug;
		};
		577346F92C07B82800758655 /* Release */ = {
			isa = XCBuildConfiguration;
			buildSettings = {
				ASSETCATALOG_COMPILER_APPICON_NAME = AppIcon;
				ASSETCATALOG_COMPILER_GLOBAL_ACCENT_COLOR_NAME = AccentColor;
				CODE_SIGN_ENTITLEMENTS = StudyOn/StudyOn.entitlements;
				CODE_SIGN_IDENTITY = "Apple Development";
				CODE_SIGN_STYLE = Automatic;
				CURRENT_PROJECT_VERSION = 1;
				DEVELOPMENT_ASSET_PATHS = "\"StudyOn/Preview Content\"";
				DEVELOPMENT_TEAM = G688BGQ337;
				ENABLE_PREVIEWS = YES;
				GENERATE_INFOPLIST_FILE = YES;
				INFOPLIST_FILE = StudyOn/Info.plist;
				INFOPLIST_KEY_CFBundleDisplayName = "";
				INFOPLIST_KEY_LSApplicationCategoryType = "";
				INFOPLIST_KEY_NSLocationAlwaysAndWhenInUseUsageDescription = "This app requires your location to notify you";
				INFOPLIST_KEY_NSLocationAlwaysUsageDescription = "This app needs your location to notify you with study locations.";
				INFOPLIST_KEY_NSLocationWhenInUseUsageDescription = "This app needs your location to identify where you are at.";
				INFOPLIST_KEY_UIApplicationSceneManifest_Generation = YES;
				INFOPLIST_KEY_UIApplicationSupportsIndirectInputEvents = YES;
				INFOPLIST_KEY_UILaunchScreen_Generation = YES;
				INFOPLIST_KEY_UISupportedInterfaceOrientations_iPad = "UIInterfaceOrientationPortrait UIInterfaceOrientationPortraitUpsideDown UIInterfaceOrientationLandscapeLeft UIInterfaceOrientationLandscapeRight";
				INFOPLIST_KEY_UISupportedInterfaceOrientations_iPhone = "UIInterfaceOrientationPortrait UIInterfaceOrientationLandscapeLeft UIInterfaceOrientationLandscapeRight";
				IPHONEOS_DEPLOYMENT_TARGET = 17.0;
				LD_RUNPATH_SEARCH_PATHS = (
					"$(inherited)",
					"@executable_path/Frameworks",
				);
				MARKETING_VERSION = 1.0;
				PRODUCT_BUNDLE_IDENTIFIER = com.gfive.StudyOn;
				PRODUCT_NAME = "$(TARGET_NAME)";
				PROVISIONING_PROFILE_SPECIFIER = "";
				SWIFT_EMIT_LOC_STRINGS = YES;
				SWIFT_VERSION = 5.0;
				TARGETED_DEVICE_FAMILY = "1,2";
			};
			name = Release;
		};
		577346FB2C07B82800758655 /* Debug */ = {
			isa = XCBuildConfiguration;
			buildSettings = {
				ALWAYS_EMBED_SWIFT_STANDARD_LIBRARIES = YES;
				BUNDLE_LOADER = "$(TEST_HOST)";
				CODE_SIGN_STYLE = Automatic;
				CURRENT_PROJECT_VERSION = 1;
				GENERATE_INFOPLIST_FILE = YES;
				IPHONEOS_DEPLOYMENT_TARGET = 17.0;
				MARKETING_VERSION = 1.0;
				PRODUCT_BUNDLE_IDENTIFIER = com.gfive.StudyOnTests;
				PRODUCT_NAME = "$(TARGET_NAME)";
				SWIFT_EMIT_LOC_STRINGS = NO;
				SWIFT_VERSION = 5.0;
				TARGETED_DEVICE_FAMILY = "1,2";
				TEST_HOST = "$(BUILT_PRODUCTS_DIR)/StudyOn.app/$(BUNDLE_EXECUTABLE_FOLDER_PATH)/StudyOn";
			};
			name = Debug;
		};
		577346FC2C07B82800758655 /* Release */ = {
			isa = XCBuildConfiguration;
			buildSettings = {
				ALWAYS_EMBED_SWIFT_STANDARD_LIBRARIES = YES;
				BUNDLE_LOADER = "$(TEST_HOST)";
				CODE_SIGN_STYLE = Automatic;
				CURRENT_PROJECT_VERSION = 1;
				GENERATE_INFOPLIST_FILE = YES;
				IPHONEOS_DEPLOYMENT_TARGET = 17.0;
				MARKETING_VERSION = 1.0;
				PRODUCT_BUNDLE_IDENTIFIER = com.gfive.StudyOnTests;
				PRODUCT_NAME = "$(TARGET_NAME)";
				SWIFT_EMIT_LOC_STRINGS = NO;
				SWIFT_VERSION = 5.0;
				TARGETED_DEVICE_FAMILY = "1,2";
				TEST_HOST = "$(BUILT_PRODUCTS_DIR)/StudyOn.app/$(BUNDLE_EXECUTABLE_FOLDER_PATH)/StudyOn";
			};
			name = Release;
		};
		577346FE2C07B82800758655 /* Debug */ = {
			isa = XCBuildConfiguration;
			buildSettings = {
				ALWAYS_EMBED_SWIFT_STANDARD_LIBRARIES = YES;
				CODE_SIGN_STYLE = Automatic;
				CURRENT_PROJECT_VERSION = 1;
				GENERATE_INFOPLIST_FILE = YES;
				IPHONEOS_DEPLOYMENT_TARGET = 17.0;
				MARKETING_VERSION = 1.0;
				PRODUCT_BUNDLE_IDENTIFIER = com.gfive.StudyOnUITests;
				PRODUCT_NAME = "$(TARGET_NAME)";
				SWIFT_EMIT_LOC_STRINGS = NO;
				SWIFT_VERSION = 5.0;
				TARGETED_DEVICE_FAMILY = "1,2";
				TEST_TARGET_NAME = StudyOn;
			};
			name = Debug;
		};
		577346FF2C07B82800758655 /* Release */ = {
			isa = XCBuildConfiguration;
			buildSettings = {
				ALWAYS_EMBED_SWIFT_STANDARD_LIBRARIES = YES;
				CODE_SIGN_STYLE = Automatic;
				CURRENT_PROJECT_VERSION = 1;
				GENERATE_INFOPLIST_FILE = YES;
				IPHONEOS_DEPLOYMENT_TARGET = 17.0;
				MARKETING_VERSION = 1.0;
				PRODUCT_BUNDLE_IDENTIFIER = com.gfive.StudyOnUITests;
				PRODUCT_NAME = "$(TARGET_NAME)";
				SWIFT_EMIT_LOC_STRINGS = NO;
				SWIFT_VERSION = 5.0;
				TARGETED_DEVICE_FAMILY = "1,2";
				TEST_TARGET_NAME = StudyOn;
			};
			name = Release;
		};
/* End XCBuildConfiguration section */

/* Begin XCConfigurationList section */
		577346CE2C07B82700758655 /* Build configuration list for PBXProject "StudyOn" */ = {
			isa = XCConfigurationList;
			buildConfigurations = (
				577346F52C07B82800758655 /* Debug */,
				577346F62C07B82800758655 /* Release */,
			);
			defaultConfigurationIsVisible = 0;
			defaultConfigurationName = Release;
		};
		577346F72C07B82800758655 /* Build configuration list for PBXNativeTarget "StudyOn" */ = {
			isa = XCConfigurationList;
			buildConfigurations = (
				577346F82C07B82800758655 /* Debug */,
				577346F92C07B82800758655 /* Release */,
			);
			defaultConfigurationIsVisible = 0;
			defaultConfigurationName = Release;
		};
		577346FA2C07B82800758655 /* Build configuration list for PBXNativeTarget "StudyOnTests" */ = {
			isa = XCConfigurationList;
			buildConfigurations = (
				577346FB2C07B82800758655 /* Debug */,
				577346FC2C07B82800758655 /* Release */,
			);
			defaultConfigurationIsVisible = 0;
			defaultConfigurationName = Release;
		};
		577346FD2C07B82800758655 /* Build configuration list for PBXNativeTarget "StudyOnUITests" */ = {
			isa = XCConfigurationList;
			buildConfigurations = (
				577346FE2C07B82800758655 /* Debug */,
				577346FF2C07B82800758655 /* Release */,
			);
			defaultConfigurationIsVisible = 0;
			defaultConfigurationName = Release;
		};
/* End XCConfigurationList section */

/* Begin XCRemoteSwiftPackageReference section */
		574784262C0A0112009F9719 /* XCRemoteSwiftPackageReference "firebase-ios-sdk" */ = {
			isa = XCRemoteSwiftPackageReference;
			repositoryURL = "https://github.com/firebase/firebase-ios-sdk";
			requirement = {
				kind = upToNextMajorVersion;
				minimumVersion = 10.27.0;
			};
		};
/* End XCRemoteSwiftPackageReference section */

/* Begin XCSwiftPackageProductDependency section */
		190F32832C1C6E0900B25EF1 /* FirebaseAnalytics */ = {
			isa = XCSwiftPackageProductDependency;
			package = 574784262C0A0112009F9719 /* XCRemoteSwiftPackageReference "firebase-ios-sdk" */;
			productName = FirebaseAnalytics;
		};
		190F32852C1C6E0900B25EF1 /* FirebaseAnalyticsSwift */ = {
			isa = XCSwiftPackageProductDependency;
			package = 574784262C0A0112009F9719 /* XCRemoteSwiftPackageReference "firebase-ios-sdk" */;
			productName = FirebaseAnalyticsSwift;
		};
		190F32872C1C6E0900B25EF1 /* FirebaseAuth */ = {
			isa = XCSwiftPackageProductDependency;
			package = 574784262C0A0112009F9719 /* XCRemoteSwiftPackageReference "firebase-ios-sdk" */;
			productName = FirebaseAuth;
		};
		190F32892C1C6E0900B25EF1 /* FirebaseDatabase */ = {
			isa = XCSwiftPackageProductDependency;
			package = 574784262C0A0112009F9719 /* XCRemoteSwiftPackageReference "firebase-ios-sdk" */;
			productName = FirebaseDatabase;
		};
		190F328B2C1C6E0900B25EF1 /* FirebaseDatabaseSwift */ = {
			isa = XCSwiftPackageProductDependency;
			package = 574784262C0A0112009F9719 /* XCRemoteSwiftPackageReference "firebase-ios-sdk" */;
			productName = FirebaseDatabaseSwift;
		};
		190F328D2C1C6E0900B25EF1 /* FirebaseFirestore */ = {
			isa = XCSwiftPackageProductDependency;
			package = 574784262C0A0112009F9719 /* XCRemoteSwiftPackageReference "firebase-ios-sdk" */;
			productName = FirebaseFirestore;
		};
		190F328F2C1C6E0900B25EF1 /* FirebaseFirestoreSwift */ = {
			isa = XCSwiftPackageProductDependency;
			package = 574784262C0A0112009F9719 /* XCRemoteSwiftPackageReference "firebase-ios-sdk" */;
			productName = FirebaseFirestoreSwift;
		};
		190F32912C1C6E0900B25EF1 /* FirebaseStorage */ = {
			isa = XCSwiftPackageProductDependency;
			package = 574784262C0A0112009F9719 /* XCRemoteSwiftPackageReference "firebase-ios-sdk" */;
			productName = FirebaseStorage;
		};
/* End XCSwiftPackageProductDependency section */
	};
	rootObject = 577346CB2C07B82700758655 /* Project object */;
}
